
Microsoft Visual Studio Solution File, Format Version 12.00
# Visual Studio 15
VisualStudioVersion = 15.0.28307.1401
MinimumVisualStudioVersion = 10.0.40219.1
Project("{E24C65DC-7377-472B-9ABA-BC803B73C61A}") = "Oilgas", "Oilgas\", "{06DCFD2C-5DD0-40EA-B66C-3CD1E70E14E4}"
	ProjectSection(WebsiteProperties) = preProject
		TargetFrameworkMoniker = ".NETFramework,Version%3Dv4.6.1"
		Debug.AspNetCompiler.VirtualPath = "/localhost_52951"
		Debug.AspNetCompiler.PhysicalPath = "Oilgas\"
		Debug.AspNetCompiler.TargetPath = "PrecompiledWeb\localhost_52951\"
		Debug.AspNetCompiler.Updateable = "true"
		Debug.AspNetCompiler.ForceOverwrite = "true"
		Debug.AspNetCompiler.FixedNames = "false"
		Debug.AspNetCompiler.Debug = "True"
		Release.AspNetCompiler.VirtualPath = "/localhost_52951"
		Release.AspNetCompiler.PhysicalPath = "Oilgas\"
		Release.AspNetCompiler.TargetPath = "PrecompiledWeb\localhost_52951\"
		Release.AspNetCompiler.Updateable = "true"
		Release.AspNetCompiler.ForceOverwrite = "true"
		Release.AspNetCompiler.FixedNames = "false"
		Release.AspNetCompiler.Debug = "False"
		VWDPort = "52951"
		SlnRelativePath = "Oilgas\"
		DefaultWebSiteLanguage = "Visual C#"
	EndProjectSection
EndProject
Global
	GlobalSection(SolutionConfigurationPlatforms) = preSolution
		Debug|Any CPU = Debug|Any CPU
	EndGlobalSection
	GlobalSection(ProjectConfigurationPlatforms) = postSolution
		{06DCFD2C-5DD0-40EA-B66C-3CD1E70E14E4}.Debug|Any CPU.ActiveCfg = Debug|Any CPU
		{06DCFD2C-5DD0-40EA-B66C-3CD1E70E14E4}.Debug|Any CPU.Build.0 = Debug|Any CPU
	EndGlobalSection
	GlobalSection(SolutionProperties) = preSolution
		HideSolutionNode = FALSE
	EndGlobalSection
	GlobalSection(ExtensibilityGlobals) = postSolution
		SolutionGuid = {320BD9E7-2A67-4B03-BA77-779FE907AB9B}
	EndGlobalSection
EndGlobal
